// !$*UTF8*$!
{
	archiveVersion = 1;
	classes = {
	};
	objectVersion = 56;
	objects = {

/* Begin PBXBuildFile section */
		393345812C0FDAAB0072FD47 /* JorgeMedsApp.swift in Sources */ = {isa = PBXBuildFile; fileRef = 393345802C0FDAAB0072FD47 /* JorgeMedsApp.swift */; };
		393345832C0FDAAB0072FD47 /* ContentView.swift in Sources */ = {isa = PBXBuildFile; fileRef = 393345822C0FDAAB0072FD47 /* ContentView.swift */; };
		393345852C0FDAAD0072FD47 /* Assets.xcassets in Resources */ = {isa = PBXBuildFile; fileRef = 393345842C0FDAAD0072FD47 /* Assets.xcassets */; };
		393345882C0FDAAD0072FD47 /* Preview Assets.xcassets in Resources */ = {isa = PBXBuildFile; fileRef = 393345872C0FDAAD0072FD47 /* Preview Assets.xcassets */; };
		393345932C0FDB5F0072FD47 /* LoginView.swift in Sources */ = {isa = PBXBuildFile; fileRef = 393345922C0FDB5F0072FD47 /* LoginView.swift */; };
		393345952C0FDB740072FD47 /* LoginViewModel.swift in Sources */ = {isa = PBXBuildFile; fileRef = 393345942C0FDB740072FD47 /* LoginViewModel.swift */; };
		3933459A2C0FE15D0072FD47 /* HomeView.swift in Sources */ = {isa = PBXBuildFile; fileRef = 393345992C0FE15D0072FD47 /* HomeView.swift */; };
		3933459C2C0FE1740072FD47 /* InformationView.swift in Sources */ = {isa = PBXBuildFile; fileRef = 3933459B2C0FE1740072FD47 /* InformationView.swift */; };
		3933459E2C0FE1860072FD47 /* SettingsView.swift in Sources */ = {isa = PBXBuildFile; fileRef = 3933459D2C0FE1860072FD47 /* SettingsView.swift */; };
		393345A02C0FF3010072FD47 /* GoogleService-Info.plist in Resources */ = {isa = PBXBuildFile; fileRef = 3933459F2C0FF3010072FD47 /* GoogleService-Info.plist */; };
		393345A32C0FF3900072FD47 /* FirebaseAnalytics in Frameworks */ = {isa = PBXBuildFile; productRef = 393345A22C0FF3900072FD47 /* FirebaseAnalytics */; };
		393345A52C0FF3900072FD47 /* FirebaseAuth in Frameworks */ = {isa = PBXBuildFile; productRef = 393345A42C0FF3900072FD47 /* FirebaseAuth */; };
		393345A72C0FF3900072FD47 /* FirebaseCrashlytics in Frameworks */ = {isa = PBXBuildFile; productRef = 393345A62C0FF3900072FD47 /* FirebaseCrashlytics */; };
		393345A92C0FF3900072FD47 /* FirebaseFirestore in Frameworks */ = {isa = PBXBuildFile; productRef = 393345A82C0FF3900072FD47 /* FirebaseFirestore */; };
		393345AB2C0FF3900072FD47 /* FirebaseStorage in Frameworks */ = {isa = PBXBuildFile; productRef = 393345AA2C0FF3900072FD47 /* FirebaseStorage */; };
		393345AE2C0FF4730072FD47 /* SignUpView.swift in Sources */ = {isa = PBXBuildFile; fileRef = 393345AD2C0FF4730072FD47 /* SignUpView.swift */; };
		393345B02C0FF4810072FD47 /* SignUpViewModel.swift in Sources */ = {isa = PBXBuildFile; fileRef = 393345AF2C0FF4810072FD47 /* SignUpViewModel.swift */; };
		393345B32C111C8B0072FD47 /* AuthManager.swift in Sources */ = {isa = PBXBuildFile; fileRef = 393345B22C111C8B0072FD47 /* AuthManager.swift */; };
		393345B72C111D630072FD47 /* UserData.swift in Sources */ = {isa = PBXBuildFile; fileRef = 393345B62C111D630072FD47 /* UserData.swift */; };
		393345BA2C125DC80072FD47 /* MedicationView.swift in Sources */ = {isa = PBXBuildFile; fileRef = 393345B92C125DC80072FD47 /* MedicationView.swift */; };
		393345BC2C125DFA0072FD47 /* MedicationViewModel.swift in Sources */ = {isa = PBXBuildFile; fileRef = 393345BB2C125DFA0072FD47 /* MedicationViewModel.swift */; };
		393345BF2C13CEB80072FD47 /* MedicationService.swift in Sources */ = {isa = PBXBuildFile; fileRef = 393345BE2C13CEB80072FD47 /* MedicationService.swift */; };
		393345C22C13CF330072FD47 /* Medication.swift in Sources */ = {isa = PBXBuildFile; fileRef = 393345C12C13CF330072FD47 /* Medication.swift */; };
		393345C42C13D4720072FD47 /* HomeViewModel.swift in Sources */ = {isa = PBXBuildFile; fileRef = 393345C32C13D4720072FD47 /* HomeViewModel.swift */; };
		393345C72C13D5AC0072FD47 /* MedicationItem.swift in Sources */ = {isa = PBXBuildFile; fileRef = 393345C62C13D5AC0072FD47 /* MedicationItem.swift */; };
		393345CB2C154A650072FD47 /* Information.swift in Sources */ = {isa = PBXBuildFile; fileRef = 393345CA2C154A640072FD47 /* Information.swift */; };
		393345CD2C154AA00072FD47 /* InformationService.swift in Sources */ = {isa = PBXBuildFile; fileRef = 393345CC2C154AA00072FD47 /* InformationService.swift */; };
		393345CF2C154C750072FD47 /* InformationViewModel.swift in Sources */ = {isa = PBXBuildFile; fileRef = 393345CE2C154C750072FD47 /* InformationViewModel.swift */; };
		393345D22C15FCF20072FD47 /* NewInformationView.swift in Sources */ = {isa = PBXBuildFile; fileRef = 393345D12C15FCF20072FD47 /* NewInformationView.swift */; };
		393345D52C161CCA0072FD47 /* NotificationManager.swift in Sources */ = {isa = PBXBuildFile; fileRef = 393345D42C161CCA0072FD47 /* NotificationManager.swift */; };
/* End PBXBuildFile section */

/* Begin PBXFileReference section */
		3933457D2C0FDAAB0072FD47 /* JorgeMeds.app */ = {isa = PBXFileReference; explicitFileType = wrapper.application; includeInIndex = 0; path = JorgeMeds.app; sourceTree = BUILT_PRODUCTS_DIR; };
		393345802C0FDAAB0072FD47 /* JorgeMedsApp.swift */ = {isa = PBXFileReference; lastKnownFileType = sourcecode.swift; path = JorgeMedsApp.swift; sourceTree = "<group>"; };
		393345822C0FDAAB0072FD47 /* ContentView.swift */ = {isa = PBXFileReference; lastKnownFileType = sourcecode.swift; path = ContentView.swift; sourceTree = "<group>"; };
		393345842C0FDAAD0072FD47 /* Assets.xcassets */ = {isa = PBXFileReference; lastKnownFileType = folder.assetcatalog; path = Assets.xcassets; sourceTree = "<group>"; };
		393345872C0FDAAD0072FD47 /* Preview Assets.xcassets */ = {isa = PBXFileReference; lastKnownFileType = folder.assetcatalog; path = "Preview Assets.xcassets"; sourceTree = "<group>"; };
		393345922C0FDB5F0072FD47 /* LoginView.swift */ = {isa = PBXFileReference; lastKnownFileType = sourcecode.swift; path = LoginView.swift; sourceTree = "<group>"; };
		393345942C0FDB740072FD47 /* LoginViewModel.swift */ = {isa = PBXFileReference; lastKnownFileType = sourcecode.swift; path = LoginViewModel.swift; sourceTree = "<group>"; };
		393345992C0FE15D0072FD47 /* HomeView.swift */ = {isa = PBXFileReference; lastKnownFileType = sourcecode.swift; path = HomeView.swift; sourceTree = "<group>"; };
		3933459B2C0FE1740072FD47 /* InformationView.swift */ = {isa = PBXFileReference; lastKnownFileType = sourcecode.swift; path = InformationView.swift; sourceTree = "<group>"; };
		3933459D2C0FE1860072FD47 /* SettingsView.swift */ = {isa = PBXFileReference; lastKnownFileType = sourcecode.swift; path = SettingsView.swift; sourceTree = "<group>"; };
		3933459F2C0FF3010072FD47 /* GoogleService-Info.plist */ = {isa = PBXFileReference; fileEncoding = 4; lastKnownFileType = text.plist.xml; path = "GoogleService-Info.plist"; sourceTree = "<group>"; };
		393345AD2C0FF4730072FD47 /* SignUpView.swift */ = {isa = PBXFileReference; lastKnownFileType = sourcecode.swift; path = SignUpView.swift; sourceTree = "<group>"; };
		393345AF2C0FF4810072FD47 /* SignUpViewModel.swift */ = {isa = PBXFileReference; lastKnownFileType = sourcecode.swift; path = SignUpViewModel.swift; sourceTree = "<group>"; };
		393345B22C111C8B0072FD47 /* AuthManager.swift */ = {isa = PBXFileReference; lastKnownFileType = sourcecode.swift; path = AuthManager.swift; sourceTree = "<group>"; };
		393345B62C111D630072FD47 /* UserData.swift */ = {isa = PBXFileReference; lastKnownFileType = sourcecode.swift; path = UserData.swift; sourceTree = "<group>"; };
		393345B92C125DC80072FD47 /* MedicationView.swift */ = {isa = PBXFileReference; lastKnownFileType = sourcecode.swift; path = MedicationView.swift; sourceTree = "<group>"; };
		393345BB2C125DFA0072FD47 /* MedicationViewModel.swift */ = {isa = PBXFileReference; lastKnownFileType = sourcecode.swift; path = MedicationViewModel.swift; sourceTree = "<group>"; };
		393345BE2C13CEB80072FD47 /* MedicationService.swift */ = {isa = PBXFileReference; lastKnownFileType = sourcecode.swift; path = MedicationService.swift; sourceTree = "<group>"; };
		393345C12C13CF330072FD47 /* Medication.swift */ = {isa = PBXFileReference; lastKnownFileType = sourcecode.swift; path = Medication.swift; sourceTree = "<group>"; };
		393345C32C13D4720072FD47 /* HomeViewModel.swift */ = {isa = PBXFileReference; lastKnownFileType = sourcecode.swift; path = HomeViewModel.swift; sourceTree = "<group>"; };
		393345C62C13D5AC0072FD47 /* MedicationItem.swift */ = {isa = PBXFileReference; lastKnownFileType = sourcecode.swift; path = MedicationItem.swift; sourceTree = "<group>"; };
		393345CA2C154A640072FD47 /* Information.swift */ = {isa = PBXFileReference; lastKnownFileType = sourcecode.swift; path = Information.swift; sourceTree = "<group>"; };
		393345CC2C154AA00072FD47 /* InformationService.swift */ = {isa = PBXFileReference; lastKnownFileType = sourcecode.swift; path = InformationService.swift; sourceTree = "<group>"; };
		393345CE2C154C750072FD47 /* InformationViewModel.swift */ = {isa = PBXFileReference; lastKnownFileType = sourcecode.swift; path = InformationViewModel.swift; sourceTree = "<group>"; };
		393345D12C15FCF20072FD47 /* NewInformationView.swift */ = {isa = PBXFileReference; lastKnownFileType = sourcecode.swift; path = NewInformationView.swift; sourceTree = "<group>"; };
		393345D42C161CCA0072FD47 /* NotificationManager.swift */ = {isa = PBXFileReference; lastKnownFileType = sourcecode.swift; path = NotificationManager.swift; sourceTree = "<group>"; };
/* End PBXFileReference section */

/* Begin PBXFrameworksBuildPhase section */
		3933457A2C0FDAAB0072FD47 /* Frameworks */ = {
			isa = PBXFrameworksBuildPhase;
			buildActionMask = 2147483647;
			files = (
				393345A72C0FF3900072FD47 /* FirebaseCrashlytics in Frameworks */,
				393345A92C0FF3900072FD47 /* FirebaseFirestore in Frameworks */,
				393345A32C0FF3900072FD47 /* FirebaseAnalytics in Frameworks */,
				393345AB2C0FF3900072FD47 /* FirebaseStorage in Frameworks */,
				393345A52C0FF3900072FD47 /* FirebaseAuth in Frameworks */,
			);
			runOnlyForDeploymentPostprocessing = 0;
		};
/* End PBXFrameworksBuildPhase section */

/* Begin PBXGroup section */
		393345742C0FDAAB0072FD47 = {
			isa = PBXGroup;
			children = (
				3933457F2C0FDAAB0072FD47 /* JorgeMeds */,
				3933457E2C0FDAAB0072FD47 /* Products */,
			);
			sourceTree = "<group>";
		};
		3933457E2C0FDAAB0072FD47 /* Products */ = {
			isa = PBXGroup;
			children = (
				3933457D2C0FDAAB0072FD47 /* JorgeMeds.app */,
			);
			name = Products;
			sourceTree = "<group>";
		};
		3933457F2C0FDAAB0072FD47 /* JorgeMeds */ = {
			isa = PBXGroup;
			children = (
				393345B12C111C4A0072FD47 /* Services */,
				3933459F2C0FF3010072FD47 /* GoogleService-Info.plist */,
				3933458E2C0FDB2A0072FD47 /* Features */,
				393345802C0FDAAB0072FD47 /* JorgeMedsApp.swift */,
				393345822C0FDAAB0072FD47 /* ContentView.swift */,
				393345842C0FDAAD0072FD47 /* Assets.xcassets */,
				393345862C0FDAAD0072FD47 /* Preview Content */,
				393345D42C161CCA0072FD47 /* NotificationManager.swift */,
			);
			path = JorgeMeds;
			sourceTree = "<group>";
		};
		393345862C0FDAAD0072FD47 /* Preview Content */ = {
			isa = PBXGroup;
			children = (
				393345872C0FDAAD0072FD47 /* Preview Assets.xcassets */,
			);
			path = "Preview Content";
			sourceTree = "<group>";
		};
		3933458E2C0FDB2A0072FD47 /* Features */ = {
			isa = PBXGroup;
			children = (
				393345B82C125DB90072FD47 /* Medication */,
				393345AC2C0FF45E0072FD47 /* SignUp */,
				393345982C0FE1500072FD47 /* Settings */,
				393345972C0FE1490072FD47 /* Information */,
				393345962C0FE1410072FD47 /* Home */,
				3933458F2C0FDB310072FD47 /* Login */,
			);
			path = Features;
			sourceTree = "<group>";
		};
		3933458F2C0FDB310072FD47 /* Login */ = {
			isa = PBXGroup;
			children = (
				393345922C0FDB5F0072FD47 /* LoginView.swift */,
				393345942C0FDB740072FD47 /* LoginViewModel.swift */,
			);
			path = Login;
			sourceTree = "<group>";
		};
		393345962C0FE1410072FD47 /* Home */ = {
			isa = PBXGroup;
			children = (
				393345C52C13D59A0072FD47 /* Components */,
				393345992C0FE15D0072FD47 /* HomeView.swift */,
				393345C32C13D4720072FD47 /* HomeViewModel.swift */,
			);
			path = Home;
			sourceTree = "<group>";
		};
		393345972C0FE1490072FD47 /* Information */ = {
			isa = PBXGroup;
			children = (
				393345D32C15FFD10072FD47 /* Components */,
				3933459B2C0FE1740072FD47 /* InformationView.swift */,
				393345CE2C154C750072FD47 /* InformationViewModel.swift */,
			);
			path = Information;
			sourceTree = "<group>";
		};
		393345982C0FE1500072FD47 /* Settings */ = {
			isa = PBXGroup;
			children = (
				3933459D2C0FE1860072FD47 /* SettingsView.swift */,
			);
			path = Settings;
			sourceTree = "<group>";
		};
		393345AC2C0FF45E0072FD47 /* SignUp */ = {
			isa = PBXGroup;
			children = (
				393345AD2C0FF4730072FD47 /* SignUpView.swift */,
				393345AF2C0FF4810072FD47 /* SignUpViewModel.swift */,
			);
			path = SignUp;
			sourceTree = "<group>";
		};
		393345B12C111C4A0072FD47 /* Services */ = {
			isa = PBXGroup;
			children = (
				393345C82C154A4F0072FD47 /* Information */,
				393345BD2C13CE9B0072FD47 /* Medication */,
				393345B42C111D4B0072FD47 /* Auth */,
			);
			path = Services;
			sourceTree = "<group>";
		};
		393345B42C111D4B0072FD47 /* Auth */ = {
			isa = PBXGroup;
			children = (
				393345B52C111D580072FD47 /* Models */,
				393345B22C111C8B0072FD47 /* AuthManager.swift */,
			);
			path = Auth;
			sourceTree = "<group>";
		};
		393345B52C111D580072FD47 /* Models */ = {
			isa = PBXGroup;
			children = (
				393345B62C111D630072FD47 /* UserData.swift */,
			);
			path = Models;
			sourceTree = "<group>";
		};
		393345B82C125DB90072FD47 /* Medication */ = {
			isa = PBXGroup;
			children = (
				393345B92C125DC80072FD47 /* MedicationView.swift */,
				393345BB2C125DFA0072FD47 /* MedicationViewModel.swift */,
			);
			path = Medication;
			sourceTree = "<group>";
		};
		393345BD2C13CE9B0072FD47 /* Medication */ = {
			isa = PBXGroup;
			children = (
				393345C02C13CEBD0072FD47 /* Models */,
				393345BE2C13CEB80072FD47 /* MedicationService.swift */,
			);
			path = Medication;
			sourceTree = "<group>";
		};
		393345C02C13CEBD0072FD47 /* Models */ = {
			isa = PBXGroup;
			children = (
				393345C12C13CF330072FD47 /* Medication.swift */,
			);
			path = Models;
			sourceTree = "<group>";
		};
		393345C52C13D59A0072FD47 /* Components */ = {
			isa = PBXGroup;
			children = (
				393345C62C13D5AC0072FD47 /* MedicationItem.swift */,
			);
			path = Components;
			sourceTree = "<group>";
		};
		393345C82C154A4F0072FD47 /* Information */ = {
			isa = PBXGroup;
			children = (
				393345C92C154A560072FD47 /* Models */,
				393345CC2C154AA00072FD47 /* InformationService.swift */,
			);
			path = Information;
			sourceTree = "<group>";
		};
		393345C92C154A560072FD47 /* Models */ = {
			isa = PBXGroup;
			children = (
				393345CA2C154A640072FD47 /* Information.swift */,
			);
			path = Models;
			sourceTree = "<group>";
		};
		393345D32C15FFD10072FD47 /* Components */ = {
			isa = PBXGroup;
			children = (
				393345D12C15FCF20072FD47 /* NewInformationView.swift */,
			);
			path = Components;
			sourceTree = "<group>";
		};
/* End PBXGroup section */

/* Begin PBXNativeTarget section */
		3933457C2C0FDAAB0072FD47 /* JorgeMeds */ = {
			isa = PBXNativeTarget;
			buildConfigurationList = 3933458B2C0FDAAD0072FD47 /* Build configuration list for PBXNativeTarget "JorgeMeds" */;
			buildPhases = (
				393345792C0FDAAB0072FD47 /* Sources */,
				3933457A2C0FDAAB0072FD47 /* Frameworks */,
				3933457B2C0FDAAB0072FD47 /* Resources */,
			);
			buildRules = (
			);
			dependencies = (
			);
			name = JorgeMeds;
			packageProductDependencies = (
				393345A22C0FF3900072FD47 /* FirebaseAnalytics */,
				393345A42C0FF3900072FD47 /* FirebaseAuth */,
				393345A62C0FF3900072FD47 /* FirebaseCrashlytics */,
				393345A82C0FF3900072FD47 /* FirebaseFirestore */,
				393345AA2C0FF3900072FD47 /* FirebaseStorage */,
			);
			productName = JorgeMeds;
			productReference = 3933457D2C0FDAAB0072FD47 /* JorgeMeds.app */;
			productType = "com.apple.product-type.application";
		};
/* End PBXNativeTarget section */

/* Begin PBXProject section */
		393345752C0FDAAB0072FD47 /* Project object */ = {
			isa = PBXProject;
			attributes = {
				BuildIndependentTargetsInParallel = 1;
				LastSwiftUpdateCheck = 1430;
				LastUpgradeCheck = 1430;
				TargetAttributes = {
					3933457C2C0FDAAB0072FD47 = {
						CreatedOnToolsVersion = 14.3.1;
					};
				};
			};
			buildConfigurationList = 393345782C0FDAAB0072FD47 /* Build configuration list for PBXProject "JorgeMeds" */;
			compatibilityVersion = "Xcode 14.0";
			developmentRegion = en;
			hasScannedForEncodings = 0;
			knownRegions = (
				en,
				Base,
			);
			mainGroup = 393345742C0FDAAB0072FD47;
			packageReferences = (
				393345A12C0FF38F0072FD47 /* XCRemoteSwiftPackageReference "firebase-ios-sdk" */,
			);
			productRefGroup = 3933457E2C0FDAAB0072FD47 /* Products */;
			projectDirPath = "";
			projectRoot = "";
			targets = (
				3933457C2C0FDAAB0072FD47 /* JorgeMeds */,
			);
		};
/* End PBXProject section */

/* Begin PBXResourcesBuildPhase section */
		3933457B2C0FDAAB0072FD47 /* Resources */ = {
			isa = PBXResourcesBuildPhase;
			buildActionMask = 2147483647;
			files = (
				393345882C0FDAAD0072FD47 /* Preview Assets.xcassets in Resources */,
				393345A02C0FF3010072FD47 /* GoogleService-Info.plist in Resources */,
				393345852C0FDAAD0072FD47 /* Assets.xcassets in Resources */,
			);
			runOnlyForDeploymentPostprocessing = 0;
		};
/* End PBXResourcesBuildPhase section */

/* Begin PBXSourcesBuildPhase section */
		393345792C0FDAAB0072FD47 /* Sources */ = {
			isa = PBXSourcesBuildPhase;
			buildActionMask = 2147483647;
			files = (
				393345CB2C154A650072FD47 /* Information.swift in Sources */,
				3933459E2C0FE1860072FD47 /* SettingsView.swift in Sources */,
				393345D22C15FCF20072FD47 /* NewInformationView.swift in Sources */,
				393345952C0FDB740072FD47 /* LoginViewModel.swift in Sources */,
				393345D52C161CCA0072FD47 /* NotificationManager.swift in Sources */,
				393345CF2C154C750072FD47 /* InformationViewModel.swift in Sources */,
				393345BC2C125DFA0072FD47 /* MedicationViewModel.swift in Sources */,
				393345C72C13D5AC0072FD47 /* MedicationItem.swift in Sources */,
				393345C42C13D4720072FD47 /* HomeViewModel.swift in Sources */,
				393345932C0FDB5F0072FD47 /* LoginView.swift in Sources */,
				393345832C0FDAAB0072FD47 /* ContentView.swift in Sources */,
				393345CD2C154AA00072FD47 /* InformationService.swift in Sources */,
				393345BA2C125DC80072FD47 /* MedicationView.swift in Sources */,
				393345B02C0FF4810072FD47 /* SignUpViewModel.swift in Sources */,
				393345B72C111D630072FD47 /* UserData.swift in Sources */,
				393345BF2C13CEB80072FD47 /* MedicationService.swift in Sources */,
				393345AE2C0FF4730072FD47 /* SignUpView.swift in Sources */,
				393345C22C13CF330072FD47 /* Medication.swift in Sources */,
				3933459C2C0FE1740072FD47 /* InformationView.swift in Sources */,
				3933459A2C0FE15D0072FD47 /* HomeView.swift in Sources */,
				393345812C0FDAAB0072FD47 /* JorgeMedsApp.swift in Sources */,
				393345B32C111C8B0072FD47 /* AuthManager.swift in Sources */,
			);
			runOnlyForDeploymentPostprocessing = 0;
		};
/* End PBXSourcesBuildPhase section */

/* Begin XCBuildConfiguration section */
		393345892C0FDAAD0072FD47 /* Debug */ = {
			isa = XCBuildConfiguration;
			buildSettings = {
				ALWAYS_SEARCH_USER_PATHS = NO;
				CLANG_ANALYZER_NONNULL = YES;
				CLANG_ANALYZER_NUMBER_OBJECT_CONVERSION = YES_AGGRESSIVE;
				CLANG_CXX_LANGUAGE_STANDARD = "gnu++20";
				CLANG_ENABLE_MODULES = YES;
				CLANG_ENABLE_OBJC_ARC = YES;
				CLANG_ENABLE_OBJC_WEAK = YES;
				CLANG_WARN_BLOCK_CAPTURE_AUTORELEASING = YES;
				CLANG_WARN_BOOL_CONVERSION = YES;
				CLANG_WARN_COMMA = YES;
				CLANG_WARN_CONSTANT_CONVERSION = YES;
				CLANG_WARN_DEPRECATED_OBJC_IMPLEMENTATIONS = YES;
				CLANG_WARN_DIRECT_OBJC_ISA_USAGE = YES_ERROR;
				CLANG_WARN_DOCUMENTATION_COMMENTS = YES;
				CLANG_WARN_EMPTY_BODY = YES;
				CLANG_WARN_ENUM_CONVERSION = YES;
				CLANG_WARN_INFINITE_RECURSION = YES;
				CLANG_WARN_INT_CONVERSION = YES;
				CLANG_WARN_NON_LITERAL_NULL_CONVERSION = YES;
				CLANG_WARN_OBJC_IMPLICIT_RETAIN_SELF = YES;
				CLANG_WARN_OBJC_LITERAL_CONVERSION = YES;
				CLANG_WARN_OBJC_ROOT_CLASS = YES_ERROR;
				CLANG_WARN_QUOTED_INCLUDE_IN_FRAMEWORK_HEADER = YES;
				CLANG_WARN_RANGE_LOOP_ANALYSIS = YES;
				CLANG_WARN_STRICT_PROTOTYPES = YES;
				CLANG_WARN_SUSPICIOUS_MOVE = YES;
				CLANG_WARN_UNGUARDED_AVAILABILITY = YES_AGGRESSIVE;
				CLANG_WARN_UNREACHABLE_CODE = YES;
				CLANG_WARN__DUPLICATE_METHOD_MATCH = YES;
				COPY_PHASE_STRIP = NO;
				DEBUG_INFORMATION_FORMAT = dwarf;
				ENABLE_STRICT_OBJC_MSGSEND = YES;
				ENABLE_TESTABILITY = YES;
				GCC_C_LANGUAGE_STANDARD = gnu11;
				GCC_DYNAMIC_NO_PIC = NO;
				GCC_NO_COMMON_BLOCKS = YES;
				GCC_OPTIMIZATION_LEVEL = 0;
				GCC_PREPROCESSOR_DEFINITIONS = (
					"DEBUG=1",
					"$(inherited)",
				);
				GCC_WARN_64_TO_32_BIT_CONVERSION = YES;
				GCC_WARN_ABOUT_RETURN_TYPE = YES_ERROR;
				GCC_WARN_UNDECLARED_SELECTOR = YES;
				GCC_WARN_UNINITIALIZED_AUTOS = YES_AGGRESSIVE;
				GCC_WARN_UNUSED_FUNCTION = YES;
				GCC_WARN_UNUSED_VARIABLE = YES;
				IPHONEOS_DEPLOYMENT_TARGET = 16.4;
				MTL_ENABLE_DEBUG_INFO = INCLUDE_SOURCE;
				MTL_FAST_MATH = YES;
				ONLY_ACTIVE_ARCH = YES;
				SDKROOT = iphoneos;
				SWIFT_ACTIVE_COMPILATION_CONDITIONS = DEBUG;
				SWIFT_OPTIMIZATION_LEVEL = "-Onone";
			};
			name = Debug;
		};
		3933458A2C0FDAAD0072FD47 /* Release */ = {
			isa = XCBuildConfiguration;
			buildSettings = {
				ALWAYS_SEARCH_USER_PATHS = NO;
				CLANG_ANALYZER_NONNULL = YES;
				CLANG_ANALYZER_NUMBER_OBJECT_CONVERSION = YES_AGGRESSIVE;
				CLANG_CXX_LANGUAGE_STANDARD = "gnu++20";
				CLANG_ENABLE_MODULES = YES;
				CLANG_ENABLE_OBJC_ARC = YES;
				CLANG_ENABLE_OBJC_WEAK = YES;
				CLANG_WARN_BLOCK_CAPTURE_AUTORELEASING = YES;
				CLANG_WARN_BOOL_CONVERSION = YES;
				CLANG_WARN_COMMA = YES;
				CLANG_WARN_CONSTANT_CONVERSION = YES;
				CLANG_WARN_DEPRECATED_OBJC_IMPLEMENTATIONS = YES;
				CLANG_WARN_DIRECT_OBJC_ISA_USAGE = YES_ERROR;
				CLANG_WARN_DOCUMENTATION_COMMENTS = YES;
				CLANG_WARN_EMPTY_BODY = YES;
				CLANG_WARN_ENUM_CONVERSION = YES;
				CLANG_WARN_INFINITE_RECURSION = YES;
				CLANG_WARN_INT_CONVERSION = YES;
				CLANG_WARN_NON_LITERAL_NULL_CONVERSION = YES;
				CLANG_WARN_OBJC_IMPLICIT_RETAIN_SELF = YES;
				CLANG_WARN_OBJC_LITERAL_CONVERSION = YES;
				CLANG_WARN_OBJC_ROOT_CLASS = YES_ERROR;
				CLANG_WARN_QUOTED_INCLUDE_IN_FRAMEWORK_HEADER = YES;
				CLANG_WARN_RANGE_LOOP_ANALYSIS = YES;
				CLANG_WARN_STRICT_PROTOTYPES = YES;
				CLANG_WARN_SUSPICIOUS_MOVE = YES;
				CLANG_WARN_UNGUARDED_AVAILABILITY = YES_AGGRESSIVE;
				CLANG_WARN_UNREACHABLE_CODE = YES;
				CLANG_WARN__DUPLICATE_METHOD_MATCH = YES;
				COPY_PHASE_STRIP = NO;
				DEBUG_INFORMATION_FORMAT = "dwarf-with-dsym";
				ENABLE_NS_ASSERTIONS = NO;
				ENABLE_STRICT_OBJC_MSGSEND = YES;
				GCC_C_LANGUAGE_STANDARD = gnu11;
				GCC_NO_COMMON_BLOCKS = YES;
				GCC_WARN_64_TO_32_BIT_CONVERSION = YES;
				GCC_WARN_ABOUT_RETURN_TYPE = YES_ERROR;
				GCC_WARN_UNDECLARED_SELECTOR = YES;
				GCC_WARN_UNINITIALIZED_AUTOS = YES_AGGRESSIVE;
				GCC_WARN_UNUSED_FUNCTION = YES;
				GCC_WARN_UNUSED_VARIABLE = YES;
				IPHONEOS_DEPLOYMENT_TARGET = 16.4;
				MTL_ENABLE_DEBUG_INFO = NO;
				MTL_FAST_MATH = YES;
				SDKROOT = iphoneos;
				SWIFT_COMPILATION_MODE = wholemodule;
				SWIFT_OPTIMIZATION_LEVEL = "-O";
				VALIDATE_PRODUCT = YES;
			};
			name = Release;
		};
		3933458C2C0FDAAD0072FD47 /* Debug */ = {
			isa = XCBuildConfiguration;
			buildSettings = {
				ASSETCATALOG_COMPILER_APPICON_NAME = AppIcon;
				ASSETCATALOG_COMPILER_GLOBAL_ACCENT_COLOR_NAME = AccentColor;
				CODE_SIGN_STYLE = Automatic;
				CURRENT_PROJECT_VERSION = 1;
				DEVELOPMENT_ASSET_PATHS = "\"JorgeMeds/Preview Content\"";
				DEVELOPMENT_TEAM = T2C566K54D;
				ENABLE_PREVIEWS = YES;
				GENERATE_INFOPLIST_FILE = YES;
				INFOPLIST_KEY_UIApplicationSceneManifest_Generation = YES;
				INFOPLIST_KEY_UIApplicationSupportsIndirectInputEvents = YES;
				INFOPLIST_KEY_UILaunchScreen_Generation = YES;
				INFOPLIST_KEY_UISupportedInterfaceOrientations_iPad = "UIInterfaceOrientationPortrait UIInterfaceOrientationPortraitUpsideDown UIInterfaceOrientationLandscapeLeft UIInterfaceOrientationLandscapeRight";
				INFOPLIST_KEY_UISupportedInterfaceOrientations_iPhone = "UIInterfaceOrientationPortrait UIInterfaceOrientationLandscapeLeft UIInterfaceOrientationLandscapeRight";
				LD_RUNPATH_SEARCH_PATHS = (
					"$(inherited)",
					"@executable_path/Frameworks",
				);
				MARKETING_VERSION = 1.0;
				PRODUCT_BUNDLE_IDENTIFIER = com.mateusandreatta.JorgeMeds;
				PRODUCT_NAME = "$(TARGET_NAME)";
				SWIFT_EMIT_LOC_STRINGS = YES;
				SWIFT_VERSION = 5.0;
				TARGETED_DEVICE_FAMILY = "1,2";
			};
			name = Debug;
		};
		3933458D2C0FDAAD0072FD47 /* Release */ = {
			isa = XCBuildConfiguration;
			buildSettings = {
				ASSETCATALOG_COMPILER_APPICON_NAME = AppIcon;
				ASSETCATALOG_COMPILER_GLOBAL_ACCENT_COLOR_NAME = AccentColor;
				CODE_SIGN_STYLE = Automatic;
				CURRENT_PROJECT_VERSION = 1;
				DEVELOPMENT_ASSET_PATHS = "\"JorgeMeds/Preview Content\"";
				DEVELOPMENT_TEAM = T2C566K54D;
				ENABLE_PREVIEWS = YES;
				GENERATE_INFOPLIST_FILE = YES;
				INFOPLIST_KEY_UIApplicationSceneManifest_Generation = YES;
				INFOPLIST_KEY_UIApplicationSupportsIndirectInputEvents = YES;
				INFOPLIST_KEY_UILaunchScreen_Generation = YES;
				INFOPLIST_KEY_UISupportedInterfaceOrientations_iPad = "UIInterfaceOrientationPortrait UIInterfaceOrientationPortraitUpsideDown UIInterfaceOrientationLandscapeLeft UIInterfaceOrientationLandscapeRight";
				INFOPLIST_KEY_UISupportedInterfaceOrientations_iPhone = "UIInterfaceOrientationPortrait UIInterfaceOrientationLandscapeLeft UIInterfaceOrientationLandscapeRight";
				LD_RUNPATH_SEARCH_PATHS = (
					"$(inherited)",
					"@executable_path/Frameworks",
				);
				MARKETING_VERSION = 1.0;
				PRODUCT_BUNDLE_IDENTIFIER = com.mateusandreatta.JorgeMeds;
				PRODUCT_NAME = "$(TARGET_NAME)";
				SWIFT_EMIT_LOC_STRINGS = YES;
				SWIFT_VERSION = 5.0;
				TARGETED_DEVICE_FAMILY = "1,2";
			};
			name = Release;
		};
/* End XCBuildConfiguration section */

/* Begin XCConfigurationList section */
		393345782C0FDAAB0072FD47 /* Build configuration list for PBXProject "JorgeMeds" */ = {
			isa = XCConfigurationList;
			buildConfigurations = (
				393345892C0FDAAD0072FD47 /* Debug */,
				3933458A2C0FDAAD0072FD47 /* Release */,
			);
			defaultConfigurationIsVisible = 0;
			defaultConfigurationName = Release;
		};
		3933458B2C0FDAAD0072FD47 /* Build configuration list for PBXNativeTarget "JorgeMeds" */ = {
			isa = XCConfigurationList;
			buildConfigurations = (
				3933458C2C0FDAAD0072FD47 /* Debug */,
				3933458D2C0FDAAD0072FD47 /* Release */,
			);
			defaultConfigurationIsVisible = 0;
			defaultConfigurationName = Release;
		};
/* End XCConfigurationList section */

/* Begin XCRemoteSwiftPackageReference section */
		393345A12C0FF38F0072FD47 /* XCRemoteSwiftPackageReference "firebase-ios-sdk" */ = {
			isa = XCRemoteSwiftPackageReference;
			repositoryURL = "https://github.com/firebase/firebase-ios-sdk";
			requirement = {
				kind = upToNextMajorVersion;
				minimumVersion = 10.0.0;
			};
		};
/* End XCRemoteSwiftPackageReference section */

/* Begin XCSwiftPackageProductDependency section */
		393345A22C0FF3900072FD47 /* FirebaseAnalytics */ = {
			isa = XCSwiftPackageProductDependency;
			package = 393345A12C0FF38F0072FD47 /* XCRemoteSwiftPackageReference "firebase-ios-sdk" */;
			productName = FirebaseAnalytics;
		};
		393345A42C0FF3900072FD47 /* FirebaseAuth */ = {
			isa = XCSwiftPackageProductDependency;
			package = 393345A12C0FF38F0072FD47 /* XCRemoteSwiftPackageReference "firebase-ios-sdk" */;
			productName = FirebaseAuth;
		};
		393345A62C0FF3900072FD47 /* FirebaseCrashlytics */ = {
			isa = XCSwiftPackageProductDependency;
			package = 393345A12C0FF38F0072FD47 /* XCRemoteSwiftPackageReference "firebase-ios-sdk" */;
			productName = FirebaseCrashlytics;
		};
		393345A82C0FF3900072FD47 /* FirebaseFirestore */ = {
			isa = XCSwiftPackageProductDependency;
			package = 393345A12C0FF38F0072FD47 /* XCRemoteSwiftPackageReference "firebase-ios-sdk" */;
			productName = FirebaseFirestore;
		};
		393345AA2C0FF3900072FD47 /* FirebaseStorage */ = {
			isa = XCSwiftPackageProductDependency;
			package = 393345A12C0FF38F0072FD47 /* XCRemoteSwiftPackageReference "firebase-ios-sdk" */;
			productName = FirebaseStorage;
		};
/* End XCSwiftPackageProductDependency section */
	};
	rootObject = 393345752C0FDAAB0072FD47 /* Project object */;
}
